{
  "name": "onix-parser",
  "version": "1.0.33",
  "lockfileVersion": 2,
  "requires": true,
  "packages": {
    "": {
      "name": "onix-parser",
      "version": "1.0.33",
      "license": "ISC",
      "dependencies": {
        "xml-mapping": "^1.7.2"
      }
    },
    "node_modules/sax": {
      "version": "0.4.3",
      "resolved": "https://registry.npmjs.org/sax/-/sax-0.4.3.tgz",
      "integrity": "sha512-WvnHpLKMuEsJFV3LXuvxKY4sLdKev2tIeUxn+ljlQAhpx4ZEmJOW+nEa0uERX7XvfxoimvXvEqeo94p2jXoL6g=="
    },
    "node_modules/xml-mapping": {
      "version": "1.7.2",
      "resolved": "https://registry.npmjs.org/xml-mapping/-/xml-mapping-1.7.2.tgz",
      "integrity": "sha512-r6HWaifjTUZPGUj/MI006DKpbItA3EsbhXQw30KX8QkyU/+CfNKxEMuHjqxdapzdl5zbYQPebUUZPhZyvDA1+w==",
      "dependencies": {
        "sax": "=0.4.3",
        "xml-writer": ">=1.7.0"
      },
      "engines": {
        "node": ">=0.2.0"
      }
    },
    "node_modules/xml-writer": {
      "version": "1.7.0",
      "resolved": "https://registry.npmjs.org/xml-writer/-/xml-writer-1.7.0.tgz",
      "integrity": "sha512-elFVMRiV5jb59fbc87zzVa0C01QLBEWP909mRuWqFqrYC5wNTH5QW4AaKMNv7d6zAsuOulkD7wnztZNLQW0Nfg==",
      "engines": {
        "node": ">=0.4.0"
      }
    }
  },
  "dependencies": {
    "sax": {
      "version": "0.4.3",
      "resolved": "https://registry.npmjs.org/sax/-/sax-0.4.3.tgz",
      "integrity": "sha512-WvnHpLKMuEsJFV3LXuvxKY4sLdKev2tIeUxn+ljlQAhpx4ZEmJOW+nEa0uERX7XvfxoimvXvEqeo94p2jXoL6g=="
    },
    "xml-mapping": {
      "version": "1.7.2",
      "resolved": "https://registry.npmjs.org/xml-mapping/-/xml-mapping-1.7.2.tgz",
      "integrity": "sha512-r6HWaifjTUZPGUj/MI006DKpbItA3EsbhXQw30KX8QkyU/+CfNKxEMuHjqxdapzdl5zbYQPebUUZPhZyvDA1+w==",
      "requires": {
        "sax": "=0.4.3",
        "xml-writer": ">=1.7.0"
      }
    },
    "xml-writer": {
      "version": "1.7.0",
      "resolved": "https://registry.npmjs.org/xml-writer/-/xml-writer-1.7.0.tgz",
      "integrity": "sha512-elFVMRiV5jb59fbc87zzVa0C01QLBEWP909mRuWqFqrYC5wNTH5QW4AaKMNv7d6zAsuOulkD7wnztZNLQW0Nfg=="
    }
  }
}
